// !$*UTF8*$!
{
	archiveVersion = 1;
	classes = {
	};
	objectVersion = 77;
	objects = {

/* Begin PBXBuildFile section */
		5B3DFCE62FE41CFE00447169 /* Interiors.json in Resources */ = {isa = PBXBuildFile; fileRef = 5B6FBB302FE4059400B0F3E1 /* Interiors.json */; };
		5B3DFCE92FE420C400447169 /* SpinnerView.swift in Sources */ = {isa = PBXBuildFile; fileRef = 5B3DFCE82FE420C400447169 /* SpinnerView.swift */; };
		5B3DFCEC2FE425D100447169 /* CustomTabBar.swift in Sources */ = {isa = PBXBuildFile; fileRef = 5B3DFCEB2FE425D000447169 /* CustomTabBar.swift */; };
		5B3DFCEE2FE4359200447169 /* GlobalConstants.swift in Sources */ = {isa = PBXBuildFile; fileRef = 5B3DFCED2FE4359100447169 /* GlobalConstants.swift */; };
		5B6FBB3C2FE40B5B00B0F3E1 /* ToolsViewModel.swift in Sources */ = {isa = PBXBuildFile; fileRef = 5B6FBB3B2FE40B5A00B0F3E1 /* ToolsViewModel.swift */; };
		5B6FBB3F2FE410A100B0F3E1 /* View+frame.swift in Sources */ = {isa = PBXBuildFile; fileRef = 5B6FBB3E2FE410A000B0F3E1 /* View+frame.swift */; };
		5B6FBB412FE4117A00B0F3E1 /* ToolCell.swift in Sources */ = {isa = PBXBuildFile; fileRef = 5B6FBB402FE4117900B0F3E1 /* ToolCell.swift */; };
		5B6FBB462FE418AE00B0F3E1 /* SketchToRenderView.swift in Sources */ = {isa = PBXBuildFile; fileRef = 5B6FBB452FE418AC00B0F3E1 /* SketchToRenderView.swift */; };
		5B6FBB482FE418F600B0F3E1 /* GalleryView.swift in Sources */ = {isa = PBXBuildFile; fileRef = 5B6FBB472FE418F500B0F3E1 /* GalleryView.swift */; };
		5B6FBB4A2FE4194800B0F3E1 /* DiscoverView.swift in Sources */ = {isa = PBXBuildFile; fileRef = 5B6FBB492FE4194700B0F3E1 /* DiscoverView.swift */; };
		5B7E1DC92FE3D08C00561D67 /* ToolsView.swift in Sources */ = {isa = PBXBuildFile; fileRef = 5B7E1DC62FE3D08C00561D67 /* ToolsView.swift */; };
		5B7E1DCA2FE3D08C00561D67 /* HomeRenderApp.swift in Sources */ = {isa = PBXBuildFile; fileRef = 5B7E1DC72FE3D08C00561D67 /* HomeRenderApp.swift */; };
		5B7E1DCB2FE3D08C00561D67 /* Assets.xcassets in Resources */ = {isa = PBXBuildFile; fileRef = 5B7E1DC52FE3D08C00561D67 /* Assets.xcassets */; };
		5B7E1DD22FE3D19A00561D67 /* View+cornerRadius.swift in Sources */ = {isa = PBXBuildFile; fileRef = 5B7E1DD12FE3D19A00561D67 /* View+cornerRadius.swift */; };
		5B7E1DD42FE3D1B300561D67 /* Color+hex.swift in Sources */ = {isa = PBXBuildFile; fileRef = 5B7E1DD32FE3D1B300561D67 /* Color+hex.swift */; };
		5B7E1DDA2FE3D27800561D67 /* JSONLoader.swift in Sources */ = {isa = PBXBuildFile; fileRef = 5B7E1DD92FE3D27800561D67 /* JSONLoader.swift */; };
		5B7E1DDD2FE3D2AE00561D67 /* ShapeStyle+gradient.swift in Sources */ = {isa = PBXBuildFile; fileRef = 5B7E1DDC2FE3D2AE00561D67 /* ShapeStyle+gradient.swift */; };
		5B7E1DDF2FE3D2B900561D67 /* ShapeStyle+solid.swift in Sources */ = {isa = PBXBuildFile; fileRef = 5B7E1DDE2FE3D2B900561D67 /* ShapeStyle+solid.swift */; };
		5B7E1DE82FE3F1C900561D67 /* ToolCard.swift in Sources */ = {isa = PBXBuildFile; fileRef = 5B7E1DE72FE3F1C800561D67 /* ToolCard.swift */; };
/* End PBXBuildFile section */

/* Begin PBXFileReference section */
		5B3DFCE82FE420C400447169 /* SpinnerView.swift */ = {isa = PBXFileReference; lastKnownFileType = sourcecode.swift; path = SpinnerView.swift; sourceTree = "<group>"; };
		5B3DFCEB2FE425D000447169 /* CustomTabBar.swift */ = {isa = PBXFileReference; lastKnownFileType = sourcecode.swift; path = CustomTabBar.swift; sourceTree = "<group>"; };
		5B3DFCED2FE4359100447169 /* GlobalConstants.swift */ = {isa = PBXFileReference; lastKnownFileType = sourcecode.swift; path = GlobalConstants.swift; sourceTree = "<group>"; };
		5B6FBB302FE4059400B0F3E1 /* Interiors.json */ = {isa = PBXFileReference; lastKnownFileType = text.json; path = Interiors.json; sourceTree = "<group>"; };
		5B6FBB3B2FE40B5A00B0F3E1 /* ToolsViewModel.swift */ = {isa = PBXFileReference; lastKnownFileType = sourcecode.swift; path = ToolsViewModel.swift; sourceTree = "<group>"; };
		5B6FBB3E2FE410A000B0F3E1 /* View+frame.swift */ = {isa = PBXFileReference; lastKnownFileType = sourcecode.swift; path = "View+frame.swift"; sourceTree = "<group>"; };
		5B6FBB402FE4117900B0F3E1 /* ToolCell.swift */ = {isa = PBXFileReference; lastKnownFileType = sourcecode.swift; path = ToolCell.swift; sourceTree = "<group>"; };
		5B6FBB452FE418AC00B0F3E1 /* SketchToRenderView.swift */ = {isa = PBXFileReference; lastKnownFileType = sourcecode.swift; path = SketchToRenderView.swift; sourceTree = "<group>"; };
		5B6FBB472FE418F500B0F3E1 /* GalleryView.swift */ = {isa = PBXFileReference; lastKnownFileType = sourcecode.swift; path = GalleryView.swift; sourceTree = "<group>"; };
		5B6FBB492FE4194700B0F3E1 /* DiscoverView.swift */ = {isa = PBXFileReference; lastKnownFileType = sourcecode.swift; path = DiscoverView.swift; sourceTree = "<group>"; };
		5B7E1DB72FE3D04700561D67 /* HomeRender.app */ = {isa = PBXFileReference; explicitFileType = wrapper.application; includeInIndex = 0; path = HomeRender.app; sourceTree = BUILT_PRODUCTS_DIR; };
		5B7E1DC52FE3D08C00561D67 /* Assets.xcassets */ = {isa = PBXFileReference; lastKnownFileType = folder.assetcatalog; path = Assets.xcassets; sourceTree = "<group>"; };
		5B7E1DC62FE3D08C00561D67 /* ToolsView.swift */ = {isa = PBXFileReference; lastKnownFileType = sourcecode.swift; path = ToolsView.swift; sourceTree = "<group>"; };
		5B7E1DC72FE3D08C00561D67 /* HomeRenderApp.swift */ = {isa = PBXFileReference; lastKnownFileType = sourcecode.swift; path = HomeRenderApp.swift; sourceTree = "<group>"; };
		5B7E1DD12FE3D19A00561D67 /* View+cornerRadius.swift */ = {isa = PBXFileReference; lastKnownFileType = sourcecode.swift; path = "View+cornerRadius.swift"; sourceTree = "<group>"; };
		5B7E1DD32FE3D1B300561D67 /* Color+hex.swift */ = {isa = PBXFileReference; lastKnownFileType = sourcecode.swift; path = "Color+hex.swift"; sourceTree = "<group>"; };
		5B7E1DD92FE3D27800561D67 /* JSONLoader.swift */ = {isa = PBXFileReference; lastKnownFileType = sourcecode.swift; path = JSONLoader.swift; sourceTree = "<group>"; };
		5B7E1DDC2FE3D2AE00561D67 /* ShapeStyle+gradient.swift */ = {isa = PBXFileReference; lastKnownFileType = sourcecode.swift; path = "ShapeStyle+gradient.swift"; sourceTree = "<group>"; };
		5B7E1DDE2FE3D2B900561D67 /* ShapeStyle+solid.swift */ = {isa = PBXFileReference; lastKnownFileType = sourcecode.swift; path = "ShapeStyle+solid.swift"; sourceTree = "<group>"; };
		5B7E1DE72FE3F1C800561D67 /* ToolCard.swift */ = {isa = PBXFileReference; lastKnownFileType = sourcecode.swift; path = ToolCard.swift; sourceTree = "<group>"; };
/* End PBXFileReference section */

/* Begin PBXFrameworksBuildPhase section */
		5B7E1DB42FE3D04700561D67 /* Frameworks */ = {
			isa = PBXFrameworksBuildPhase;
			buildActionMask = 2147483647;
			files = (
			);
			runOnlyForDeploymentPostprocessing = 0;
		};
/* End PBXFrameworksBuildPhase section */

/* Begin PBXGroup section */
		5B3DFCE72FE4209A00447169 /* UI */ = {
			isa = PBXGroup;
			children = (
				5B3DFCE82FE420C400447169 /* SpinnerView.swift */,
			);
			path = UI;
			sourceTree = "<group>";
		};
		5B3DFCEA2FE425B300447169 /* Tabs */ = {
			isa = PBXGroup;
			children = (
				5B3DFCEB2FE425D000447169 /* CustomTabBar.swift */,
				5B6FBB442FE4188A00B0F3E1 /* Discover */,
				5B6FBB422FE4185800B0F3E1 /* Gallery */,
				5B7E1DE52FE3F1B900561D67 /* Tools */,
			);
			path = Tabs;
			sourceTree = "<group>";
		};
		5B6FBB3A2FE40B4500B0F3E1 /* ViewModels */ = {
			isa = PBXGroup;
			children = (
				5B6FBB3B2FE40B5A00B0F3E1 /* ToolsViewModel.swift */,
			);
			path = ViewModels;
			sourceTree = "<group>";
		};
		5B6FBB3D2FE40FE800B0F3E1 /* Cells */ = {
			isa = PBXGroup;
			children = (
				5B6FBB402FE4117900B0F3E1 /* ToolCell.swift */,
			);
			path = Cells;
			sourceTree = "<group>";
		};
		5B6FBB422FE4185800B0F3E1 /* Gallery */ = {
			isa = PBXGroup;
			children = (
				5B6FBB472FE418F500B0F3E1 /* GalleryView.swift */,
			);
			path = Gallery;
			sourceTree = "<group>";
		};
		5B6FBB442FE4188A00B0F3E1 /* Discover */ = {
			isa = PBXGroup;
			children = (
				5B6FBB492FE4194700B0F3E1 /* DiscoverView.swift */,
			);
			path = Discover;
			sourceTree = "<group>";
		};
		5B7E1DAE2FE3D04700561D67 = {
			isa = PBXGroup;
			children = (
				5B7E1DC82FE3D08C00561D67 /* HomeRender */,
				5B7E1DB82FE3D04700561D67 /* Products */,
			);
			sourceTree = "<group>";
		};
		5B7E1DB82FE3D04700561D67 /* Products */ = {
			isa = PBXGroup;
			children = (
				5B7E1DB72FE3D04700561D67 /* HomeRender.app */,
			);
			name = Products;
			sourceTree = "<group>";
		};
		5B7E1DC82FE3D08C00561D67 /* HomeRender */ = {
			isa = PBXGroup;
			children = (
				5B7E1DCD2FE3D0E200561D67 /* App */,
				5B7E1DCE2FE3D0F500561D67 /* Features */,
				5B7E1DDB2FE3D27D00561D67 /* Data */,
				5B7E1DCF2FE3D14100561D67 /* Common */,
				5B7E1DCC2FE3D0A400561D67 /* Resources */,
			);
			path = HomeRender;
			sourceTree = "<group>";
		};
		5B7E1DCC2FE3D0A400561D67 /* Resources */ = {
			isa = PBXGroup;
			children = (
				5B7E1DC52FE3D08C00561D67 /* Assets.xcassets */,
			);
			path = Resources;
			sourceTree = "<group>";
		};
		5B7E1DCD2FE3D0E200561D67 /* App */ = {
			isa = PBXGroup;
			children = (
				5B7E1DC72FE3D08C00561D67 /* HomeRenderApp.swift */,
			);
			path = App;
			sourceTree = "<group>";
		};
		5B7E1DCE2FE3D0F500561D67 /* Features */ = {
			isa = PBXGroup;
			children = (
				5B3DFCEA2FE425B300447169 /* Tabs */,
			);
			path = Features;
			sourceTree = "<group>";
		};
		5B7E1DCF2FE3D14100561D67 /* Common */ = {
			isa = PBXGroup;
			children = (
				5B3DFCED2FE4359100447169 /* GlobalConstants.swift */,
				5B3DFCE72FE4209A00447169 /* UI */,
				5B7E1DD02FE3D15100561D67 /* Extensions */,
			);
			path = Common;
			sourceTree = "<group>";
		};
		5B7E1DD02FE3D15100561D67 /* Extensions */ = {
			isa = PBXGroup;
			children = (
				5B7E1DD32FE3D1B300561D67 /* Color+hex.swift */,
				5B7E1DDC2FE3D2AE00561D67 /* ShapeStyle+gradient.swift */,
				5B7E1DDE2FE3D2B900561D67 /* ShapeStyle+solid.swift */,
				5B7E1DD12FE3D19A00561D67 /* View+cornerRadius.swift */,
				5B6FBB3E2FE410A000B0F3E1 /* View+frame.swift */,
			);
			path = Extensions;
			sourceTree = "<group>";
		};
		5B7E1DDB2FE3D27D00561D67 /* Data */ = {
			isa = PBXGroup;
			children = (
				5B6FBB302FE4059400B0F3E1 /* Interiors.json */,
				5B7E1DD92FE3D27800561D67 /* JSONLoader.swift */,
			);
			path = Data;
			sourceTree = "<group>";
		};
		5B7E1DE52FE3F1B900561D67 /* Tools */ = {
			isa = PBXGroup;
			children = (
				5B7E1DE62FE3F1C100561D67 /* Models */,
				5B7E1DE92FE3F1EA00561D67 /* Views */,
				5B6FBB3A2FE40B4500B0F3E1 /* ViewModels */,
			);
			path = Tools;
			sourceTree = "<group>";
		};
		5B7E1DE62FE3F1C100561D67 /* Models */ = {
			isa = PBXGroup;
			children = (
				5B7E1DE72FE3F1C800561D67 /* ToolCard.swift */,
			);
			path = Models;
			sourceTree = "<group>";
		};
		5B7E1DE92FE3F1EA00561D67 /* Views */ = {
			isa = PBXGroup;
			children = (
				5B6FBB3D2FE40FE800B0F3E1 /* Cells */,
				5B7E1DC62FE3D08C00561D67 /* ToolsView.swift */,
				5B6FBB452FE418AC00B0F3E1 /* SketchToRenderView.swift */,
			);
			path = Views;
			sourceTree = "<group>";
		};
/* End PBXGroup section */

/* Begin PBXNativeTarget section */
		5B7E1DB62FE3D04700561D67 /* HomeRender */ = {
			isa = PBXNativeTarget;
			buildConfigurationList = 5B7E1DC22FE3D04700561D67 /* Build configuration list for PBXNativeTarget "HomeRender" */;
			buildPhases = (
				5B7E1DB32FE3D04700561D67 /* Sources */,
				5B7E1DB42FE3D04700561D67 /* Frameworks */,
				5B7E1DB52FE3D04700561D67 /* Resources */,
			);
			buildRules = (
			);
			dependencies = (
			);
			name = HomeRender;
			packageProductDependencies = (
			);
			productName = HomeRender;
			productReference = 5B7E1DB72FE3D04700561D67 /* HomeRender.app */;
			productType = "com.apple.product-type.application";
		};
/* End PBXNativeTarget section */

/* Begin PBXProject section */
		5B7E1DAF2FE3D04700561D67 /* Project object */ = {
			isa = PBXProject;
			attributes = {
				BuildIndependentTargetsInParallel = 1;
				LastSwiftUpdateCheck = 2650;
				LastUpgradeCheck = 2650;
				TargetAttributes = {
					5B7E1DB62FE3D04700561D67 = {
						CreatedOnToolsVersion = 26.5;
					};
				};
			};
			buildConfigurationList = 5B7E1DB22FE3D04700561D67 /* Build configuration list for PBXProject "HomeRender" */;
			developmentRegion = en;
			hasScannedForEncodings = 0;
			knownRegions = (
				en,
				Base,
			);
			mainGroup = 5B7E1DAE2FE3D04700561D67;
			minimizedProjectReferenceProxies = 1;
			preferredProjectObjectVersion = 77;
			productRefGroup = 5B7E1DB82FE3D04700561D67 /* Products */;
			projectDirPath = "";
			projectRoot = "";
			targets = (
				5B7E1DB62FE3D04700561D67 /* HomeRender */,
			);
		};
/* End PBXProject section */

/* Begin PBXResourcesBuildPhase section */
		5B7E1DB52FE3D04700561D67 /* Resources */ = {
			isa = PBXResourcesBuildPhase;
			buildActionMask = 2147483647;
			files = (
				5B3DFCE62FE41CFE00447169 /* Interiors.json in Resources */,
				5B7E1DCB2FE3D08C00561D67 /* Assets.xcassets in Resources */,
			);
			runOnlyForDeploymentPostprocessing = 0;
		};
/* End PBXResourcesBuildPhase section */

/* Begin PBXSourcesBuildPhase section */
		5B7E1DB32FE3D04700561D67 /* Sources */ = {
			isa = PBXSourcesBuildPhase;
			buildActionMask = 2147483647;
			files = (
				5B7E1DDA2FE3D27800561D67 /* JSONLoader.swift in Sources */,
				5B3DFCE92FE420C400447169 /* SpinnerView.swift in Sources */,
				5B3DFCEC2FE425D100447169 /* CustomTabBar.swift in Sources */,
				5B7E1DC92FE3D08C00561D67 /* ToolsView.swift in Sources */,
				5B6FBB482FE418F600B0F3E1 /* GalleryView.swift in Sources */,
				5B7E1DE82FE3F1C900561D67 /* ToolCard.swift in Sources */,
				5B7E1DD42FE3D1B300561D67 /* Color+hex.swift in Sources */,
				5B6FBB4A2FE4194800B0F3E1 /* DiscoverView.swift in Sources */,
				5B7E1DDD2FE3D2AE00561D67 /* ShapeStyle+gradient.swift in Sources */,
				5B6FBB412FE4117A00B0F3E1 /* ToolCell.swift in Sources */,
				5B6FBB3C2FE40B5B00B0F3E1 /* ToolsViewModel.swift in Sources */,
				5B3DFCEE2FE4359200447169 /* GlobalConstants.swift in Sources */,
				5B6FBB3F2FE410A100B0F3E1 /* View+frame.swift in Sources */,
				5B7E1DDF2FE3D2B900561D67 /* ShapeStyle+solid.swift in Sources */,
				5B6FBB462FE418AE00B0F3E1 /* SketchToRenderView.swift in Sources */,
				5B7E1DD22FE3D19A00561D67 /* View+cornerRadius.swift in Sources */,
				5B7E1DCA2FE3D08C00561D67 /* HomeRenderApp.swift in Sources */,
			);
			runOnlyForDeploymentPostprocessing = 0;
		};
/* End PBXSourcesBuildPhase section */

/* Begin XCBuildConfiguration section */
		5B7E1DC02FE3D04700561D67 /* Debug */ = {
			isa = XCBuildConfiguration;
			buildSettings = {
				ALWAYS_SEARCH_USER_PATHS = NO;
				ASSETCATALOG_COMPILER_GENERATE_SWIFT_ASSET_SYMBOL_EXTENSIONS = YES;
				CLANG_ANALYZER_NONNULL = YES;
				CLANG_ANALYZER_NUMBER_OBJECT_CONVERSION = YES_AGGRESSIVE;
				CLANG_CXX_LANGUAGE_STANDARD = "gnu++20";
				CLANG_ENABLE_MODULES = YES;
				CLANG_ENABLE_OBJC_ARC = YES;
				CLANG_ENABLE_OBJC_WEAK = YES;
				CLANG_WARN_BLOCK_CAPTURE_AUTORELEASING = YES;
				CLANG_WARN_BOOL_CONVERSION = YES;
				CLANG_WARN_COMMA = YES;
				CLANG_WARN_CONSTANT_CONVERSION = YES;
				CLANG_WARN_DEPRECATED_OBJC_IMPLEMENTATIONS = YES;
				CLANG_WARN_DIRECT_OBJC_ISA_USAGE = YES_ERROR;
				CLANG_WARN_DOCUMENTATION_COMMENTS = YES;
				CLANG_WARN_EMPTY_BODY = YES;
				CLANG_WARN_ENUM_CONVERSION = YES;
				CLANG_WARN_INFINITE_RECURSION = YES;
				CLANG_WARN_INT_CONVERSION = YES;
				CLANG_WARN_NON_LITERAL_NULL_CONVERSION = YES;
				CLANG_WARN_OBJC_IMPLICIT_RETAIN_SELF = YES;
				CLANG_WARN_OBJC_LITERAL_CONVERSION = YES;
				CLANG_WARN_OBJC_ROOT_CLASS = YES_ERROR;
				CLANG_WARN_QUOTED_INCLUDE_IN_FRAMEWORK_HEADER = YES;
				CLANG_WARN_RANGE_LOOP_ANALYSIS = YES;
				CLANG_WARN_STRICT_PROTOTYPES = YES;
				CLANG_WARN_SUSPICIOUS_MOVE = YES;
				CLANG_WARN_UNGUARDED_AVAILABILITY = YES_AGGRESSIVE;
				CLANG_WARN_UNREACHABLE_CODE = YES;
				CLANG_WARN__DUPLICATE_METHOD_MATCH = YES;
				COPY_PHASE_STRIP = NO;
				DEBUG_INFORMATION_FORMAT = dwarf;
				DEVELOPMENT_TEAM = D28SS25G7Y;
				ENABLE_STRICT_OBJC_MSGSEND = YES;
				ENABLE_TESTABILITY = YES;
				ENABLE_USER_SCRIPT_SANDBOXING = YES;
				GCC_C_LANGUAGE_STANDARD = gnu17;
				GCC_DYNAMIC_NO_PIC = NO;
				GCC_NO_COMMON_BLOCKS = YES;
				GCC_OPTIMIZATION_LEVEL = 0;
				GCC_PREPROCESSOR_DEFINITIONS = (
					"DEBUG=1",
					"$(inherited)",
				);
				GCC_WARN_64_TO_32_BIT_CONVERSION = YES;
				GCC_WARN_ABOUT_RETURN_TYPE = YES_ERROR;
				GCC_WARN_UNDECLARED_SELECTOR = YES;
				GCC_WARN_UNINITIALIZED_AUTOS = YES_AGGRESSIVE;
				GCC_WARN_UNUSED_FUNCTION = YES;
				GCC_WARN_UNUSED_VARIABLE = YES;
				IPHONEOS_DEPLOYMENT_TARGET = 26.5;
				LOCALIZATION_PREFERS_STRING_CATALOGS = YES;
				MTL_ENABLE_DEBUG_INFO = INCLUDE_SOURCE;
				MTL_FAST_MATH = YES;
				ONLY_ACTIVE_ARCH = YES;
				SDKROOT = iphoneos;
				SWIFT_ACTIVE_COMPILATION_CONDITIONS = "DEBUG $(inherited)";
				SWIFT_OPTIMIZATION_LEVEL = "-Onone";
			};
			name = Debug;
		};
		5B7E1DC12FE3D04700561D67 /* Release */ = {
			isa = XCBuildConfiguration;
			buildSettings = {
				ALWAYS_SEARCH_USER_PATHS = NO;
				ASSETCATALOG_COMPILER_GENERATE_SWIFT_ASSET_SYMBOL_EXTENSIONS = YES;
				CLANG_ANALYZER_NONNULL = YES;
				CLANG_ANALYZER_NUMBER_OBJECT_CONVERSION = YES_AGGRESSIVE;
				CLANG_CXX_LANGUAGE_STANDARD = "gnu++20";
				CLANG_ENABLE_MODULES = YES;
				CLANG_ENABLE_OBJC_ARC = YES;
				CLANG_ENABLE_OBJC_WEAK = YES;
				CLANG_WARN_BLOCK_CAPTURE_AUTORELEASING = YES;
				CLANG_WARN_BOOL_CONVERSION = YES;
				CLANG_WARN_COMMA = YES;
				CLANG_WARN_CONSTANT_CONVERSION = YES;
				CLANG_WARN_DEPRECATED_OBJC_IMPLEMENTATIONS = YES;
				CLANG_WARN_DIRECT_OBJC_ISA_USAGE = YES_ERROR;
				CLANG_WARN_DOCUMENTATION_COMMENTS = YES;
				CLANG_WARN_EMPTY_BODY = YES;
				CLANG_WARN_ENUM_CONVERSION = YES;
				CLANG_WARN_INFINITE_RECURSION = YES;
				CLANG_WARN_INT_CONVERSION = YES;
				CLANG_WARN_NON_LITERAL_NULL_CONVERSION = YES;
				CLANG_WARN_OBJC_IMPLICIT_RETAIN_SELF = YES;
				CLANG_WARN_OBJC_LITERAL_CONVERSION = YES;
				CLANG_WARN_OBJC_ROOT_CLASS = YES_ERROR;
				CLANG_WARN_QUOTED_INCLUDE_IN_FRAMEWORK_HEADER = YES;
				CLANG_WARN_RANGE_LOOP_ANALYSIS = YES;
				CLANG_WARN_STRICT_PROTOTYPES = YES;
				CLANG_WARN_SUSPICIOUS_MOVE = YES;
				CLANG_WARN_UNGUARDED_AVAILABILITY = YES_AGGRESSIVE;
				CLANG_WARN_UNREACHABLE_CODE = YES;
				CLANG_WARN__DUPLICATE_METHOD_MATCH = YES;
				COPY_PHASE_STRIP = NO;
				DEBUG_INFORMATION_FORMAT = "dwarf-with-dsym";
				DEVELOPMENT_TEAM = D28SS25G7Y;
				ENABLE_NS_ASSERTIONS = NO;
				ENABLE_STRICT_OBJC_MSGSEND = YES;
				ENABLE_USER_SCRIPT_SANDBOXING = YES;
				GCC_C_LANGUAGE_STANDARD = gnu17;
				GCC_NO_COMMON_BLOCKS = YES;
				GCC_WARN_64_TO_32_BIT_CONVERSION = YES;
				GCC_WARN_ABOUT_RETURN_TYPE = YES_ERROR;
				GCC_WARN_UNDECLARED_SELECTOR = YES;
				GCC_WARN_UNINITIALIZED_AUTOS = YES_AGGRESSIVE;
				GCC_WARN_UNUSED_FUNCTION = YES;
				GCC_WARN_UNUSED_VARIABLE = YES;
				IPHONEOS_DEPLOYMENT_TARGET = 26.5;
				LOCALIZATION_PREFERS_STRING_CATALOGS = YES;
				MTL_ENABLE_DEBUG_INFO = NO;
				MTL_FAST_MATH = YES;
				SDKROOT = iphoneos;
				SWIFT_COMPILATION_MODE = wholemodule;
				VALIDATE_PRODUCT = YES;
			};
			name = Release;
		};
		5B7E1DC32FE3D04700561D67 /* Debug */ = {
			isa = XCBuildConfiguration;
			buildSettings = {
				ASSETCATALOG_COMPILER_APPICON_NAME = AppIcon;
				ASSETCATALOG_COMPILER_GLOBAL_ACCENT_COLOR_NAME = AccentColor;
				CODE_SIGN_STYLE = Automatic;
				CURRENT_PROJECT_VERSION = 1;
				DEVELOPMENT_TEAM = D28SS25G7Y;
				ENABLE_PREVIEWS = YES;
				GENERATE_INFOPLIST_FILE = YES;
				INFOPLIST_KEY_CFBundleDisplayName = HomeRender;
				INFOPLIST_KEY_LSApplicationCategoryType = "public.app-category.utilities";
				INFOPLIST_KEY_UIApplicationSceneManifest_Generation = YES;
				INFOPLIST_KEY_UIApplicationSupportsIndirectInputEvents = YES;
				INFOPLIST_KEY_UILaunchScreen_Generation = YES;
				INFOPLIST_KEY_UISupportedInterfaceOrientations = UIInterfaceOrientationPortrait;
				LD_RUNPATH_SEARCH_PATHS = (
					"$(inherited)",
					"@executable_path/Frameworks",
				);
				MARKETING_VERSION = 1.0;
				PRODUCT_BUNDLE_IDENTIFIER = com.HomeRender;
				PRODUCT_NAME = "$(TARGET_NAME)";
				STRING_CATALOG_GENERATE_SYMBOLS = YES;
				SUPPORTED_PLATFORMS = "iphoneos iphonesimulator";
				SUPPORTS_MACCATALYST = NO;
				SUPPORTS_MAC_DESIGNED_FOR_IPHONE_IPAD = NO;
				SUPPORTS_XR_DESIGNED_FOR_IPHONE_IPAD = NO;
				SWIFT_APPROACHABLE_CONCURRENCY = YES;
				SWIFT_DEFAULT_ACTOR_ISOLATION = MainActor;
				SWIFT_EMIT_LOC_STRINGS = YES;
				SWIFT_UPCOMING_FEATURE_MEMBER_IMPORT_VISIBILITY = YES;
				SWIFT_VERSION = 5.0;
				TARGETED_DEVICE_FAMILY = 1;
			};
			name = Debug;
		};
		5B7E1DC42FE3D04700561D67 /* Release */ = {
			isa = XCBuildConfiguration;
			buildSettings = {
				ASSETCATALOG_COMPILER_APPICON_NAME = AppIcon;
				ASSETCATALOG_COMPILER_GLOBAL_ACCENT_COLOR_NAME = AccentColor;
				CODE_SIGN_STYLE = Automatic;
				CURRENT_PROJECT_VERSION = 1;
				DEVELOPMENT_TEAM = D28SS25G7Y;
				ENABLE_PREVIEWS = YES;
				GENERATE_INFOPLIST_FILE = YES;
				INFOPLIST_KEY_CFBundleDisplayName = HomeRender;
				INFOPLIST_KEY_LSApplicationCategoryType = "public.app-category.utilities";
				INFOPLIST_KEY_UIApplicationSceneManifest_Generation = YES;
				INFOPLIST_KEY_UIApplicationSupportsIndirectInputEvents = YES;
				INFOPLIST_KEY_UILaunchScreen_Generation = YES;
				INFOPLIST_KEY_UISupportedInterfaceOrientations = UIInterfaceOrientationPortrait;
				LD_RUNPATH_SEARCH_PATHS = (
					"$(inherited)",
					"@executable_path/Frameworks",
				);
				MARKETING_VERSION = 1.0;
				PRODUCT_BUNDLE_IDENTIFIER = com.HomeRender;
				PRODUCT_NAME = "$(TARGET_NAME)";
				STRING_CATALOG_GENERATE_SYMBOLS = YES;
				SUPPORTED_PLATFORMS = "iphoneos iphonesimulator";
				SUPPORTS_MACCATALYST = NO;
				SUPPORTS_MAC_DESIGNED_FOR_IPHONE_IPAD = NO;
				SUPPORTS_XR_DESIGNED_FOR_IPHONE_IPAD = NO;
				SWIFT_APPROACHABLE_CONCURRENCY = YES;
				SWIFT_DEFAULT_ACTOR_ISOLATION = MainActor;
				SWIFT_EMIT_LOC_STRINGS = YES;
				SWIFT_UPCOMING_FEATURE_MEMBER_IMPORT_VISIBILITY = YES;
				SWIFT_VERSION = 5.0;
				TARGETED_DEVICE_FAMILY = 1;
			};
			name = Release;
		};
/* End XCBuildConfiguration section */

/* Begin XCConfigurationList section */
		5B7E1DB22FE3D04700561D67 /* Build configuration list for PBXProject "HomeRender" */ = {
			isa = XCConfigurationList;
			buildConfigurations = (
				5B7E1DC02FE3D04700561D67 /* Debug */,
				5B7E1DC12FE3D04700561D67 /* Release */,
			);
			defaultConfigurationIsVisible = 0;
			defaultConfigurationName = Release;
		};
		5B7E1DC22FE3D04700561D67 /* Build configuration list for PBXNativeTarget "HomeRender" */ = {
			isa = XCConfigurationList;
			buildConfigurations = (
				5B7E1DC32FE3D04700561D67 /* Debug */,
				5B7E1DC42FE3D04700561D67 /* Release */,
			);
			defaultConfigurationIsVisible = 0;
			defaultConfigurationName = Release;
		};
/* End XCConfigurationList section */
	};
	rootObject = 5B7E1DAF2FE3D04700561D67 /* Project object */;
}
